schema: '2.0'
stages:
  data_ingestion:
    cmd: python src/data_ingestion.py
    deps:
    - path: src/data_ingestion.py
      hash: md5
      md5: ffe1f9f358fff668c4aea30516940755
      size: 3492
    params:
      params.yaml:
        data_ingestion.test_size: 0.2
    outs:
    - path: data/raw
      hash: md5
      md5: 6a4d11ab83c20d7412f4696595c0b4d1.dir
      size: 479272
      nfiles: 2
  data_preprocessing:
    cmd: python src/data_preprocessing.py
    deps:
    - path: data/raw
      hash: md5
      md5: 6a4d11ab83c20d7412f4696595c0b4d1.dir
      size: 479272
      nfiles: 2
    - path: src/data_preprocessing.py
      hash: md5
      md5: 158130fa3ada2ed96ada460b539d42e9
      size: 3864
    outs:
    - path: data/interim
      hash: md5
      md5: d3f80ea917209a657caed01201ee2780.dir
      size: 254818
      nfiles: 2
  feature_engineering:
    cmd: python src/feature_engineering.py
    deps:
    - path: data/interim
      hash: md5
      md5: d3f80ea917209a657caed01201ee2780.dir
      size: 254818
      nfiles: 2
    - path: src/feature_engineering.py
      hash: md5
      md5: 254b775c362ba2fb14ff64568dfd9e24
      size: 3751
    params:
      params.yaml:
        feature_engineering.max_features: 35
    outs:
    - path: data/processed
      hash: md5
      md5: e11dc9e7c5bf459233ca6c4954542306.dir
      size: 829495
      nfiles: 2
  model_building:
    cmd: python src/model_building.py
    deps:
    - path: data/processed
      hash: md5
      md5: e11dc9e7c5bf459233ca6c4954542306.dir
      size: 829495
      nfiles: 2
    - path: src/model_building.py
      hash: md5
      md5: 1927a05ccef885ec66ac17f29aab3537
      size: 4297
    params:
      params.yaml:
        model_building.n_estimators: 25
        model_building.random_state: 2
    outs:
    - path: models/model.pkl
      hash: md5
      md5: 12aab61f3f79bb5ba0ee12a0d7f28444
      size: 814480
  model_evaluation:
    cmd: python src/model_evaluation.py
    deps:
    - path: models/model.pkl
      hash: md5
      md5: 12aab61f3f79bb5ba0ee12a0d7f28444
      size: 814480
    - path: src/model_evaluation.py
      hash: md5
      md5: 676217a7b866416430e35ef4b0b4f5e3
      size: 3518
    outs:
    - path: reports/metrics.json
      hash: md5
      md5: dea671ee133b91edfa88c0c664f002f3
      size: 139
